
Microsoft Visual Studio Solution File, Format Version 10.00
# Visual C# Express 2008
Project("{FAE04EC0-301F-11D3-BF4B-00C04F79EFBC}") = "PassioneBrowserKit_Sample", "PassioneBrowserKit_Sample\PassioneBrowserKit_Sample.csproj", "{99D46014-6E93-4572-AE25-B39233729372}"
EndProject
Project("{FAE04EC0-301F-11D3-BF4B-00C04F79EFBC}") = "PassioneBrowserKit", "PassioneBrowserKit\PassioneBrowserKit.csproj", "{8D18ED15-68B7-443F-8676-CB0F718D9927}"
EndProject
Global
	GlobalSection(SolutionConfigurationPlatforms) = preSolution
		Debug|Any CPU = Debug|Any CPU
		Debug|x86 = Debug|x86
		Release|Any CPU = Release|Any CPU
		Release|x86 = Release|x86
	EndGlobalSection
	GlobalSection(ProjectConfigurationPlatforms) = postSolution
		{99D46014-6E93-4572-AE25-B39233729372}.Debug|Any CPU.ActiveCfg = Debug|Any CPU
		{99D46014-6E93-4572-AE25-B39233729372}.Debug|Any CPU.Build.0 = Debug|Any CPU
		{99D46014-6E93-4572-AE25-B39233729372}.Debug|x86.ActiveCfg = Debug|x86
		{99D46014-6E93-4572-AE25-B39233729372}.Debug|x86.Build.0 = Debug|x86
		{99D46014-6E93-4572-AE25-B39233729372}.Release|Any CPU.ActiveCfg = Release|Any CPU
		{99D46014-6E93-4572-AE25-B39233729372}.Release|Any CPU.Build.0 = Release|Any CPU
		{99D46014-6E93-4572-AE25-B39233729372}.Release|x86.ActiveCfg = Release|x86
		{99D46014-6E93-4572-AE25-B39233729372}.Release|x86.Build.0 = Release|x86
		{8D18ED15-68B7-443F-8676-CB0F718D9927}.Debug|Any CPU.ActiveCfg = Debug|Any CPU
		{8D18ED15-68B7-443F-8676-CB0F718D9927}.Debug|Any CPU.Build.0 = Debug|Any CPU
		{8D18ED15-68B7-443F-8676-CB0F718D9927}.Debug|x86.ActiveCfg = Debug|x86
		{8D18ED15-68B7-443F-8676-CB0F718D9927}.Debug|x86.Build.0 = Debug|x86
		{8D18ED15-68B7-443F-8676-CB0F718D9927}.Release|Any CPU.ActiveCfg = Release|Any CPU
		{8D18ED15-68B7-443F-8676-CB0F718D9927}.Release|Any CPU.Build.0 = Release|Any CPU
		{8D18ED15-68B7-443F-8676-CB0F718D9927}.Release|x86.ActiveCfg = Release|x86
		{8D18ED15-68B7-443F-8676-CB0F718D9927}.Release|x86.Build.0 = Release|x86
	EndGlobalSection
	GlobalSection(SolutionProperties) = preSolution
		HideSolutionNode = FALSE
	EndGlobalSection
EndGlobal
